// !$*UTF8*$!
{
	archiveVersion = 1;
	classes = {
	};
	objectVersion = 50;
	objects = {

/* Begin PBXBuildFile section */
		01B22F94A3F714DFFD7E5D89 /* Pods_pushmynotifs.framework in Frameworks */ = {isa = PBXBuildFile; fileRef = E4EB2260274B696833825A54 /* Pods_pushmynotifs.framework */; };
		B62332D93FF7C290AD80035F /* Pods_pushmynotifsUITests.framework in Frameworks */ = {isa = PBXBuildFile; fileRef = CF80DBAEF103B9B9D34E4009 /* Pods_pushmynotifsUITests.framework */; };
		F017D946C181D7652C6B1169 /* Pods_pushmynotifsTests.framework in Frameworks */ = {isa = PBXBuildFile; fileRef = 12A73424E6AA5D7AA8A0D9A0 /* Pods_pushmynotifsTests.framework */; };
		F882ADF220993146007D0562 /* AppDelegate.swift in Sources */ = {isa = PBXBuildFile; fileRef = F882ADF120993146007D0562 /* AppDelegate.swift */; };
		F882ADF420993146007D0562 /* ViewController.swift in Sources */ = {isa = PBXBuildFile; fileRef = F882ADF320993146007D0562 /* ViewController.swift */; };
		F882ADF720993146007D0562 /* Main.storyboard in Resources */ = {isa = PBXBuildFile; fileRef = F882ADF520993146007D0562 /* Main.storyboard */; };
		F882ADF92099314B007D0562 /* Assets.xcassets in Resources */ = {isa = PBXBuildFile; fileRef = F882ADF82099314B007D0562 /* Assets.xcassets */; };
		F882ADFC2099314B007D0562 /* LaunchScreen.storyboard in Resources */ = {isa = PBXBuildFile; fileRef = F882ADFA2099314B007D0562 /* LaunchScreen.storyboard */; };
		F882AE072099314C007D0562 /* pushmynotifsTests.swift in Sources */ = {isa = PBXBuildFile; fileRef = F882AE062099314C007D0562 /* pushmynotifsTests.swift */; };
		F882AE122099314C007D0562 /* pushmynotifsUITests.swift in Sources */ = {isa = PBXBuildFile; fileRef = F882AE112099314C007D0562 /* pushmynotifsUITests.swift */; };
		F882AE2020993287007D0562 /* GoogleService-Info.plist in Resources */ = {isa = PBXBuildFile; fileRef = F882AE1F20993287007D0562 /* GoogleService-Info.plist */; };
/* End PBXBuildFile section */

/* Begin PBXContainerItemProxy section */
		F882AE032099314C007D0562 /* PBXContainerItemProxy */ = {
			isa = PBXContainerItemProxy;
			containerPortal = F882ADE620993145007D0562 /* Project object */;
			proxyType = 1;
			remoteGlobalIDString = F882ADED20993146007D0562;
			remoteInfo = pushmynotifs;
		};
		F882AE0E2099314C007D0562 /* PBXContainerItemProxy */ = {
			isa = PBXContainerItemProxy;
			containerPortal = F882ADE620993145007D0562 /* Project object */;
			proxyType = 1;
			remoteGlobalIDString = F882ADED20993146007D0562;
			remoteInfo = pushmynotifs;
		};
/* End PBXContainerItemProxy section */

/* Begin PBXFileReference section */
		12A73424E6AA5D7AA8A0D9A0 /* Pods_pushmynotifsTests.framework */ = {isa = PBXFileReference; explicitFileType = wrapper.framework; includeInIndex = 0; path = Pods_pushmynotifsTests.framework; sourceTree = BUILT_PRODUCTS_DIR; };
		2E28553A0E88073DAC5FF8AD /* Pods-pushmynotifsTests.debug.xcconfig */ = {isa = PBXFileReference; includeInIndex = 1; lastKnownFileType = text.xcconfig; name = "Pods-pushmynotifsTests.debug.xcconfig"; path = "Pods/Target Support Files/Pods-pushmynotifsTests/Pods-pushmynotifsTests.debug.xcconfig"; sourceTree = "<group>"; };
		31C8B084951E0096C9A35BC0 /* Pods-pushmynotifsUITests.release.xcconfig */ = {isa = PBXFileReference; includeInIndex = 1; lastKnownFileType = text.xcconfig; name = "Pods-pushmynotifsUITests.release.xcconfig"; path = "Pods/Target Support Files/Pods-pushmynotifsUITests/Pods-pushmynotifsUITests.release.xcconfig"; sourceTree = "<group>"; };
		884BC254D24B4B9F02AE6887 /* Pods-pushmynotifsTests.release.xcconfig */ = {isa = PBXFileReference; includeInIndex = 1; lastKnownFileType = text.xcconfig; name = "Pods-pushmynotifsTests.release.xcconfig"; path = "Pods/Target Support Files/Pods-pushmynotifsTests/Pods-pushmynotifsTests.release.xcconfig"; sourceTree = "<group>"; };
		968DC78A7DED73A4EC86FE41 /* Pods-pushmynotifs.debug.xcconfig */ = {isa = PBXFileReference; includeInIndex = 1; lastKnownFileType = text.xcconfig; name = "Pods-pushmynotifs.debug.xcconfig"; path = "Pods/Target Support Files/Pods-pushmynotifs/Pods-pushmynotifs.debug.xcconfig"; sourceTree = "<group>"; };
		BD7BBCF8C9EED2B7F04C2B20 /* Pods-pushmynotifs.release.xcconfig */ = {isa = PBXFileReference; includeInIndex = 1; lastKnownFileType = text.xcconfig; name = "Pods-pushmynotifs.release.xcconfig"; path = "Pods/Target Support Files/Pods-pushmynotifs/Pods-pushmynotifs.release.xcconfig"; sourceTree = "<group>"; };
		CC3FF66C1E962AA7B4DD2B4E /* Pods-pushmynotifsUITests.debug.xcconfig */ = {isa = PBXFileReference; includeInIndex = 1; lastKnownFileType = text.xcconfig; name = "Pods-pushmynotifsUITests.debug.xcconfig"; path = "Pods/Target Support Files/Pods-pushmynotifsUITests/Pods-pushmynotifsUITests.debug.xcconfig"; sourceTree = "<group>"; };
		CF80DBAEF103B9B9D34E4009 /* Pods_pushmynotifsUITests.framework */ = {isa = PBXFileReference; explicitFileType = wrapper.framework; includeInIndex = 0; path = Pods_pushmynotifsUITests.framework; sourceTree = BUILT_PRODUCTS_DIR; };
		E4EB2260274B696833825A54 /* Pods_pushmynotifs.framework */ = {isa = PBXFileReference; explicitFileType = wrapper.framework; includeInIndex = 0; path = Pods_pushmynotifs.framework; sourceTree = BUILT_PRODUCTS_DIR; };
		F882ADEE20993146007D0562 /* pushmynotifs.app */ = {isa = PBXFileReference; explicitFileType = wrapper.application; includeInIndex = 0; path = pushmynotifs.app; sourceTree = BUILT_PRODUCTS_DIR; };
		F882ADF120993146007D0562 /* AppDelegate.swift */ = {isa = PBXFileReference; lastKnownFileType = sourcecode.swift; path = AppDelegate.swift; sourceTree = "<group>"; };
		F882ADF320993146007D0562 /* ViewController.swift */ = {isa = PBXFileReference; lastKnownFileType = sourcecode.swift; path = ViewController.swift; sourceTree = "<group>"; };
		F882ADF620993146007D0562 /* Base */ = {isa = PBXFileReference; lastKnownFileType = file.storyboard; name = Base; path = Base.lproj/Main.storyboard; sourceTree = "<group>"; };
		F882ADF82099314B007D0562 /* Assets.xcassets */ = {isa = PBXFileReference; lastKnownFileType = folder.assetcatalog; path = Assets.xcassets; sourceTree = "<group>"; };
		F882ADFB2099314B007D0562 /* Base */ = {isa = PBXFileReference; lastKnownFileType = file.storyboard; name = Base; path = Base.lproj/LaunchScreen.storyboard; sourceTree = "<group>"; };
		F882ADFD2099314B007D0562 /* Info.plist */ = {isa = PBXFileReference; lastKnownFileType = text.plist.xml; path = Info.plist; sourceTree = "<group>"; };
		F882AE022099314C007D0562 /* pushmynotifsTests.xctest */ = {isa = PBXFileReference; explicitFileType = wrapper.cfbundle; includeInIndex = 0; path = pushmynotifsTests.xctest; sourceTree = BUILT_PRODUCTS_DIR; };
		F882AE062099314C007D0562 /* pushmynotifsTests.swift */ = {isa = PBXFileReference; lastKnownFileType = sourcecode.swift; path = pushmynotifsTests.swift; sourceTree = "<group>"; };
		F882AE082099314C007D0562 /* Info.plist */ = {isa = PBXFileReference; lastKnownFileType = text.plist.xml; path = Info.plist; sourceTree = "<group>"; };
		F882AE0D2099314C007D0562 /* pushmynotifsUITests.xctest */ = {isa = PBXFileReference; explicitFileType = wrapper.cfbundle; includeInIndex = 0; path = pushmynotifsUITests.xctest; sourceTree = BUILT_PRODUCTS_DIR; };
		F882AE112099314C007D0562 /* pushmynotifsUITests.swift */ = {isa = PBXFileReference; lastKnownFileType = sourcecode.swift; path = pushmynotifsUITests.swift; sourceTree = "<group>"; };
		F882AE132099314C007D0562 /* Info.plist */ = {isa = PBXFileReference; lastKnownFileType = text.plist.xml; path = Info.plist; sourceTree = "<group>"; };
		F882AE1F20993287007D0562 /* GoogleService-Info.plist */ = {isa = PBXFileReference; fileEncoding = 4; lastKnownFileType = text.plist.xml; path = "GoogleService-Info.plist"; sourceTree = "<group>"; };
		F8A058F2209CFC2400A64954 /* pushmynotifs.entitlements */ = {isa = PBXFileReference; lastKnownFileType = text.plist.entitlements; path = pushmynotifs.entitlements; sourceTree = "<group>"; };
/* End PBXFileReference section */

/* Begin PBXFrameworksBuildPhase section */
		F882ADEB20993146007D0562 /* Frameworks */ = {
			isa = PBXFrameworksBuildPhase;
			buildActionMask = 2147483647;
			files = (
				01B22F94A3F714DFFD7E5D89 /* Pods_pushmynotifs.framework in Frameworks */,
			);
			runOnlyForDeploymentPostprocessing = 0;
		};
		F882ADFF2099314C007D0562 /* Frameworks */ = {
			isa = PBXFrameworksBuildPhase;
			buildActionMask = 2147483647;
			files = (
				F017D946C181D7652C6B1169 /* Pods_pushmynotifsTests.framework in Frameworks */,
			);
			runOnlyForDeploymentPostprocessing = 0;
		};
		F882AE0A2099314C007D0562 /* Frameworks */ = {
			isa = PBXFrameworksBuildPhase;
			buildActionMask = 2147483647;
			files = (
				B62332D93FF7C290AD80035F /* Pods_pushmynotifsUITests.framework in Frameworks */,
			);
			runOnlyForDeploymentPostprocessing = 0;
		};
/* End PBXFrameworksBuildPhase section */

/* Begin PBXGroup section */
		1E29CBE3A05C1F855E23900C /* Pods */ = {
			isa = PBXGroup;
			children = (
				968DC78A7DED73A4EC86FE41 /* Pods-pushmynotifs.debug.xcconfig */,
				BD7BBCF8C9EED2B7F04C2B20 /* Pods-pushmynotifs.release.xcconfig */,
				2E28553A0E88073DAC5FF8AD /* Pods-pushmynotifsTests.debug.xcconfig */,
				884BC254D24B4B9F02AE6887 /* Pods-pushmynotifsTests.release.xcconfig */,
				CC3FF66C1E962AA7B4DD2B4E /* Pods-pushmynotifsUITests.debug.xcconfig */,
				31C8B084951E0096C9A35BC0 /* Pods-pushmynotifsUITests.release.xcconfig */,
			);
			name = Pods;
			sourceTree = "<group>";
		};
		5500890FA5F4E12C543B2AB5 /* Frameworks */ = {
			isa = PBXGroup;
			children = (
				E4EB2260274B696833825A54 /* Pods_pushmynotifs.framework */,
				12A73424E6AA5D7AA8A0D9A0 /* Pods_pushmynotifsTests.framework */,
				CF80DBAEF103B9B9D34E4009 /* Pods_pushmynotifsUITests.framework */,
			);
			name = Frameworks;
			sourceTree = "<group>";
		};
		F882ADE520993145007D0562 = {
			isa = PBXGroup;
			children = (
				F882ADF020993146007D0562 /* pushmynotifs */,
				F882AE052099314C007D0562 /* pushmynotifsTests */,
				F882AE102099314C007D0562 /* pushmynotifsUITests */,
				F882ADEF20993146007D0562 /* Products */,
				1E29CBE3A05C1F855E23900C /* Pods */,
				5500890FA5F4E12C543B2AB5 /* Frameworks */,
			);
			sourceTree = "<group>";
		};
		F882ADEF20993146007D0562 /* Products */ = {
			isa = PBXGroup;
			children = (
				F882ADEE20993146007D0562 /* pushmynotifs.app */,
				F882AE022099314C007D0562 /* pushmynotifsTests.xctest */,
				F882AE0D2099314C007D0562 /* pushmynotifsUITests.xctest */,
			);
			name = Products;
			sourceTree = "<group>";
		};
		F882ADF020993146007D0562 /* pushmynotifs */ = {
			isa = PBXGroup;
			children = (
				F8A058F2209CFC2400A64954 /* pushmynotifs.entitlements */,
				F882ADF120993146007D0562 /* AppDelegate.swift */,
				F882ADF320993146007D0562 /* ViewController.swift */,
				F882ADF520993146007D0562 /* Main.storyboard */,
				F882ADF82099314B007D0562 /* Assets.xcassets */,
				F882ADFA2099314B007D0562 /* LaunchScreen.storyboard */,
				F882ADFD2099314B007D0562 /* Info.plist */,
				F882AE1F20993287007D0562 /* GoogleService-Info.plist */,
			);
			path = pushmynotifs;
			sourceTree = "<group>";
		};
		F882AE052099314C007D0562 /* pushmynotifsTests */ = {
			isa = PBXGroup;
			children = (
				F882AE062099314C007D0562 /* pushmynotifsTests.swift */,
				F882AE082099314C007D0562 /* Info.plist */,
			);
			path = pushmynotifsTests;
			sourceTree = "<group>";
		};
		F882AE102099314C007D0562 /* pushmynotifsUITests */ = {
			isa = PBXGroup;
			children = (
				F882AE112099314C007D0562 /* pushmynotifsUITests.swift */,
				F882AE132099314C007D0562 /* Info.plist */,
			);
			path = pushmynotifsUITests;
			sourceTree = "<group>";
		};
/* End PBXGroup section */

/* Begin PBXNativeTarget section */
		F882ADED20993146007D0562 /* pushmynotifs */ = {
			isa = PBXNativeTarget;
			buildConfigurationList = F882AE162099314C007D0562 /* Build configuration list for PBXNativeTarget "pushmynotifs" */;
			buildPhases = (
				ACED39B232C975E40CA56CD2 /* [CP] Check Pods Manifest.lock */,
				F882ADEA20993146007D0562 /* Sources */,
				F882ADEB20993146007D0562 /* Frameworks */,
				F882ADEC20993146007D0562 /* Resources */,
				12DA41C2EE3210DBB090EA34 /* [CP] Embed Pods Frameworks */,
			);
			buildRules = (
			);
			dependencies = (
			);
			name = pushmynotifs;
			productName = pushmynotifs;
			productReference = F882ADEE20993146007D0562 /* pushmynotifs.app */;
			productType = "com.apple.product-type.application";
		};
		F882AE012099314C007D0562 /* pushmynotifsTests */ = {
			isa = PBXNativeTarget;
			buildConfigurationList = F882AE192099314C007D0562 /* Build configuration list for PBXNativeTarget "pushmynotifsTests" */;
			buildPhases = (
				4BD3D7C55D600D1B565CF83B /* [CP] Check Pods Manifest.lock */,
				F882ADFE2099314C007D0562 /* Sources */,
				F882ADFF2099314C007D0562 /* Frameworks */,
				F882AE002099314C007D0562 /* Resources */,
			);
			buildRules = (
			);
			dependencies = (
				F882AE042099314C007D0562 /* PBXTargetDependency */,
			);
			name = pushmynotifsTests;
			productName = pushmynotifsTests;
			productReference = F882AE022099314C007D0562 /* pushmynotifsTests.xctest */;
			productType = "com.apple.product-type.bundle.unit-test";
		};
		F882AE0C2099314C007D0562 /* pushmynotifsUITests */ = {
			isa = PBXNativeTarget;
			buildConfigurationList = F882AE1C2099314C007D0562 /* Build configuration list for PBXNativeTarget "pushmynotifsUITests" */;
			buildPhases = (
				5711344CFF318D1181C519A2 /* [CP] Check Pods Manifest.lock */,
				F882AE092099314C007D0562 /* Sources */,
				F882AE0A2099314C007D0562 /* Frameworks */,
				F882AE0B2099314C007D0562 /* Resources */,
			);
			buildRules = (
			);
			dependencies = (
				F882AE0F2099314C007D0562 /* PBXTargetDependency */,
			);
			name = pushmynotifsUITests;
			productName = pushmynotifsUITests;
			productReference = F882AE0D2099314C007D0562 /* pushmynotifsUITests.xctest */;
			productType = "com.apple.product-type.bundle.ui-testing";
		};
/* End PBXNativeTarget section */

/* Begin PBXProject section */
		F882ADE620993145007D0562 /* Project object */ = {
			isa = PBXProject;
			attributes = {
				LastSwiftUpdateCheck = 0930;
				LastUpgradeCheck = 0930;
				ORGANIZATIONNAME = "Andrew Miller";
				TargetAttributes = {
					F882ADED20993146007D0562 = {
						CreatedOnToolsVersion = 9.3;
						SystemCapabilities = {
							com.apple.Push = {
								enabled = 1;
							};
						};
					};
					F882AE012099314C007D0562 = {
						CreatedOnToolsVersion = 9.3;
						TestTargetID = F882ADED20993146007D0562;
					};
					F882AE0C2099314C007D0562 = {
						CreatedOnToolsVersion = 9.3;
						TestTargetID = F882ADED20993146007D0562;
					};
				};
			};
			buildConfigurationList = F882ADE920993145007D0562 /* Build configuration list for PBXProject "pushmynotifs" */;
			compatibilityVersion = "Xcode 9.3";
			developmentRegion = en;
			hasScannedForEncodings = 0;
			knownRegions = (
				en,
				Base,
			);
			mainGroup = F882ADE520993145007D0562;
			productRefGroup = F882ADEF20993146007D0562 /* Products */;
			projectDirPath = "";
			projectRoot = "";
			targets = (
				F882ADED20993146007D0562 /* pushmynotifs */,
				F882AE012099314C007D0562 /* pushmynotifsTests */,
				F882AE0C2099314C007D0562 /* pushmynotifsUITests */,
			);
		};
/* End PBXProject section */

/* Begin PBXResourcesBuildPhase section */
		F882ADEC20993146007D0562 /* Resources */ = {
			isa = PBXResourcesBuildPhase;
			buildActionMask = 2147483647;
			files = (
				F882ADFC2099314B007D0562 /* LaunchScreen.storyboard in Resources */,
				F882AE2020993287007D0562 /* GoogleService-Info.plist in Resources */,
				F882ADF92099314B007D0562 /* Assets.xcassets in Resources */,
				F882ADF720993146007D0562 /* Main.storyboard in Resources */,
			);
			runOnlyForDeploymentPostprocessing = 0;
		};
		F882AE002099314C007D0562 /* Resources */ = {
			isa = PBXResourcesBuildPhase;
			buildActionMask = 2147483647;
			files = (
			);
			runOnlyForDeploymentPostprocessing = 0;
		};
		F882AE0B2099314C007D0562 /* Resources */ = {
			isa = PBXResourcesBuildPhase;
			buildActionMask = 2147483647;
			files = (
			);
			runOnlyForDeploymentPostprocessing = 0;
		};
/* End PBXResourcesBuildPhase section */

/* Begin PBXShellScriptBuildPhase section */
		12DA41C2EE3210DBB090EA34 /* [CP] Embed Pods Frameworks */ = {
			isa = PBXShellScriptBuildPhase;
			buildActionMask = 2147483647;
			files = (
			);
			inputPaths = (
				"${SRCROOT}/Pods/Target Support Files/Pods-pushmynotifs/Pods-pushmynotifs-frameworks.sh",
				"${BUILT_PRODUCTS_DIR}/GoogleToolboxForMac/GoogleToolboxForMac.framework",
				"${BUILT_PRODUCTS_DIR}/Protobuf/Protobuf.framework",
				"${BUILT_PRODUCTS_DIR}/nanopb/nanopb.framework",
			);
			name = "[CP] Embed Pods Frameworks";
			outputPaths = (
				"${TARGET_BUILD_DIR}/${FRAMEWORKS_FOLDER_PATH}/GoogleToolboxForMac.framework",
				"${TARGET_BUILD_DIR}/${FRAMEWORKS_FOLDER_PATH}/Protobuf.framework",
				"${TARGET_BUILD_DIR}/${FRAMEWORKS_FOLDER_PATH}/nanopb.framework",
			);
			runOnlyForDeploymentPostprocessing = 0;
			shellPath = /bin/sh;
			shellScript = "\"${SRCROOT}/Pods/Target Support Files/Pods-pushmynotifs/Pods-pushmynotifs-frameworks.sh\"\n";
			showEnvVarsInLog = 0;
		};
		4BD3D7C55D600D1B565CF83B /* [CP] Check Pods Manifest.lock */ = {
			isa = PBXShellScriptBuildPhase;
			buildActionMask = 2147483647;
			files = (
			);
			inputPaths = (
				"${PODS_PODFILE_DIR_PATH}/Podfile.lock",
				"${PODS_ROOT}/Manifest.lock",
			);
			name = "[CP] Check Pods Manifest.lock";
			outputPaths = (
				"$(DERIVED_FILE_DIR)/Pods-pushmynotifsTests-checkManifestLockResult.txt",
			);
			runOnlyForDeploymentPostprocessing = 0;
			shellPath = /bin/sh;
			shellScript = "diff \"${PODS_PODFILE_DIR_PATH}/Podfile.lock\" \"${PODS_ROOT}/Manifest.lock\" > /dev/null\nif [ $? != 0 ] ; then\n    # print error to STDERR\n    echo \"error: The sandbox is not in sync with the Podfile.lock. Run 'pod install' or update your CocoaPods installation.\" >&2\n    exit 1\nfi\n# This output is used by Xcode 'outputs' to avoid re-running this script phase.\necho \"SUCCESS\" > \"${SCRIPT_OUTPUT_FILE_0}\"\n";
			showEnvVarsInLog = 0;
		};
		5711344CFF318D1181C519A2 /* [CP] Check Pods Manifest.lock */ = {
			isa = PBXShellScriptBuildPhase;
			buildActionMask = 2147483647;
			files = (
			);
			inputPaths = (
				"${PODS_PODFILE_DIR_PATH}/Podfile.lock",
				"${PODS_ROOT}/Manifest.lock",
			);
			name = "[CP] Check Pods Manifest.lock";
			outputPaths = (
				"$(DERIVED_FILE_DIR)/Pods-pushmynotifsUITests-checkManifestLockResult.txt",
			);
			runOnlyForDeploymentPostprocessing = 0;
			shellPath = /bin/sh;
			shellScript = "diff \"${PODS_PODFILE_DIR_PATH}/Podfile.lock\" \"${PODS_ROOT}/Manifest.lock\" > /dev/null\nif [ $? != 0 ] ; then\n    # print error to STDERR\n    echo \"error: The sandbox is not in sync with the Podfile.lock. Run 'pod install' or update your CocoaPods installation.\" >&2\n    exit 1\nfi\n# This output is used by Xcode 'outputs' to avoid re-running this script phase.\necho \"SUCCESS\" > \"${SCRIPT_OUTPUT_FILE_0}\"\n";
			showEnvVarsInLog = 0;
		};
		ACED39B232C975E40CA56CD2 /* [CP] Check Pods Manifest.lock */ = {
			isa = PBXShellScriptBuildPhase;
			buildActionMask = 2147483647;
			files = (
			);
			inputPaths = (
				"${PODS_PODFILE_DIR_PATH}/Podfile.lock",
				"${PODS_ROOT}/Manifest.lock",
			);
			name = "[CP] Check Pods Manifest.lock";
			outputPaths = (
				"$(DERIVED_FILE_DIR)/Pods-pushmynotifs-checkManifestLockResult.txt",
			);
			runOnlyForDeploymentPostprocessing = 0;
			shellPath = /bin/sh;
			shellScript = "diff \"${PODS_PODFILE_DIR_PATH}/Podfile.lock\" \"${PODS_ROOT}/Manifest.lock\" > /dev/null\nif [ $? != 0 ] ; then\n    # print error to STDERR\n    echo \"error: The sandbox is not in sync with the Podfile.lock. Run 'pod install' or update your CocoaPods installation.\" >&2\n    exit 1\nfi\n# This output is used by Xcode 'outputs' to avoid re-running this script phase.\necho \"SUCCESS\" > \"${SCRIPT_OUTPUT_FILE_0}\"\n";
			showEnvVarsInLog = 0;
		};
/* End PBXShellScriptBuildPhase section */

/* Begin PBXSourcesBuildPhase section */
		F882ADEA20993146007D0562 /* Sources */ = {
			isa = PBXSourcesBuildPhase;
			buildActionMask = 2147483647;
			files = (
				F882ADF420993146007D0562 /* ViewController.swift in Sources */,
				F882ADF220993146007D0562 /* AppDelegate.swift in Sources */,
			);
			runOnlyForDeploymentPostprocessing = 0;
		};
		F882ADFE2099314C007D0562 /* Sources */ = {
			isa = PBXSourcesBuildPhase;
			buildActionMask = 2147483647;
			files = (
				F882AE072099314C007D0562 /* pushmynotifsTests.swift in Sources */,
			);
			runOnlyForDeploymentPostprocessing = 0;
		};
		F882AE092099314C007D0562 /* Sources */ = {
			isa = PBXSourcesBuildPhase;
			buildActionMask = 2147483647;
			files = (
				F882AE122099314C007D0562 /* pushmynotifsUITests.swift in Sources */,
			);
			runOnlyForDeploymentPostprocessing = 0;
		};
/* End PBXSourcesBuildPhase section */

/* Begin PBXTargetDependency section */
		F882AE042099314C007D0562 /* PBXTargetDependency */ = {
			isa = PBXTargetDependency;
			target = F882ADED20993146007D0562 /* pushmynotifs */;
			targetProxy = F882AE032099314C007D0562 /* PBXContainerItemProxy */;
		};
		F882AE0F2099314C007D0562 /* PBXTargetDependency */ = {
			isa = PBXTargetDependency;
			target = F882ADED20993146007D0562 /* pushmynotifs */;
			targetProxy = F882AE0E2099314C007D0562 /* PBXContainerItemProxy */;
		};
/* End PBXTargetDependency section */

/* Begin PBXVariantGroup section */
		F882ADF520993146007D0562 /* Main.storyboard */ = {
			isa = PBXVariantGroup;
			children = (
				F882ADF620993146007D0562 /* Base */,
			);
			name = Main.storyboard;
			sourceTree = "<group>";
		};
		F882ADFA2099314B007D0562 /* LaunchScreen.storyboard */ = {
			isa = PBXVariantGroup;
			children = (
				F882ADFB2099314B007D0562 /* Base */,
			);
			name = LaunchScreen.storyboard;
			sourceTree = "<group>";
		};
/* End PBXVariantGroup section */

/* Begin XCBuildConfiguration section */
		F882AE142099314C007D0562 /* Debug */ = {
			isa = XCBuildConfiguration;
			buildSettings = {
				ALWAYS_SEARCH_USER_PATHS = NO;
				CLANG_ANALYZER_NONNULL = YES;
				CLANG_ANALYZER_NUMBER_OBJECT_CONVERSION = YES_AGGRESSIVE;
				CLANG_CXX_LANGUAGE_STANDARD = "gnu++14";
				CLANG_CXX_LIBRARY = "libc++";
				CLANG_ENABLE_MODULES = YES;
				CLANG_ENABLE_OBJC_ARC = YES;
				CLANG_ENABLE_OBJC_WEAK = YES;
				CLANG_WARN_BLOCK_CAPTURE_AUTORELEASING = YES;
				CLANG_WARN_BOOL_CONVERSION = YES;
				CLANG_WARN_COMMA = YES;
				CLANG_WARN_CONSTANT_CONVERSION = YES;
				CLANG_WARN_DEPRECATED_OBJC_IMPLEMENTATIONS = YES;
				CLANG_WARN_DIRECT_OBJC_ISA_USAGE = YES_ERROR;
				CLANG_WARN_DOCUMENTATION_COMMENTS = YES;
				CLANG_WARN_EMPTY_BODY = YES;
				CLANG_WARN_ENUM_CONVERSION = YES;
				CLANG_WARN_INFINITE_RECURSION = YES;
				CLANG_WARN_INT_CONVERSION = YES;
				CLANG_WARN_NON_LITERAL_NULL_CONVERSION = YES;
				CLANG_WARN_OBJC_IMPLICIT_RETAIN_SELF = YES;
				CLANG_WARN_OBJC_LITERAL_CONVERSION = YES;
				CLANG_WARN_OBJC_ROOT_CLASS = YES_ERROR;
				CLANG_WARN_RANGE_LOOP_ANALYSIS = YES;
				CLANG_WARN_STRICT_PROTOTYPES = YES;
				CLANG_WARN_SUSPICIOUS_MOVE = YES;
				CLANG_WARN_UNGUARDED_AVAILABILITY = YES_AGGRESSIVE;
				CLANG_WARN_UNREACHABLE_CODE = YES;
				CLANG_WARN__DUPLICATE_METHOD_MATCH = YES;
				CODE_SIGN_IDENTITY = "iPhone Developer";
				COPY_PHASE_STRIP = NO;
				DEBUG_INFORMATION_FORMAT = dwarf;
				ENABLE_STRICT_OBJC_MSGSEND = YES;
				ENABLE_TESTABILITY = YES;
				GCC_C_LANGUAGE_STANDARD = gnu11;
				GCC_DYNAMIC_NO_PIC = NO;
				GCC_NO_COMMON_BLOCKS = YES;
				GCC_OPTIMIZATION_LEVEL = 0;
				GCC_PREPROCESSOR_DEFINITIONS = (
					"DEBUG=1",
					"$(inherited)",
				);
				GCC_WARN_64_TO_32_BIT_CONVERSION = YES;
				GCC_WARN_ABOUT_RETURN_TYPE = YES_ERROR;
				GCC_WARN_UNDECLARED_SELECTOR = YES;
				GCC_WARN_UNINITIALIZED_AUTOS = YES_AGGRESSIVE;
				GCC_WARN_UNUSED_FUNCTION = YES;
				GCC_WARN_UNUSED_VARIABLE = YES;
				IPHONEOS_DEPLOYMENT_TARGET = 11.3;
				MTL_ENABLE_DEBUG_INFO = YES;
				ONLY_ACTIVE_ARCH = YES;
				SDKROOT = iphoneos;
				SWIFT_ACTIVE_COMPILATION_CONDITIONS = DEBUG;
				SWIFT_OPTIMIZATION_LEVEL = "-Onone";
			};
			name = Debug;
		};
		F882AE152099314C007D0562 /* Release */ = {
			isa = XCBuildConfiguration;
			buildSettings = {
				ALWAYS_SEARCH_USER_PATHS = NO;
				CLANG_ANALYZER_NONNULL = YES;
				CLANG_ANALYZER_NUMBER_OBJECT_CONVERSION = YES_AGGRESSIVE;
				CLANG_CXX_LANGUAGE_STANDARD = "gnu++14";
				CLANG_CXX_LIBRARY = "libc++";
				CLANG_ENABLE_MODULES = YES;
				CLANG_ENABLE_OBJC_ARC = YES;
				CLANG_ENABLE_OBJC_WEAK = YES;
				CLANG_WARN_BLOCK_CAPTURE_AUTORELEASING = YES;
				CLANG_WARN_BOOL_CONVERSION = YES;
				CLANG_WARN_COMMA = YES;
				CLANG_WARN_CONSTANT_CONVERSION = YES;
				CLANG_WARN_DEPRECATED_OBJC_IMPLEMENTATIONS = YES;
				CLANG_WARN_DIRECT_OBJC_ISA_USAGE = YES_ERROR;
				CLANG_WARN_DOCUMENTATION_COMMENTS = YES;
				CLANG_WARN_EMPTY_BODY = YES;
				CLANG_WARN_ENUM_CONVERSION = YES;
				CLANG_WARN_INFINITE_RECURSION = YES;
				CLANG_WARN_INT_CONVERSION = YES;
				CLANG_WARN_NON_LITERAL_NULL_CONVERSION = YES;
				CLANG_WARN_OBJC_IMPLICIT_RETAIN_SELF = YES;
				CLANG_WARN_OBJC_LITERAL_CONVERSION = YES;
				CLANG_WARN_OBJC_ROOT_CLASS = YES_ERROR;
				CLANG_WARN_RANGE_LOOP_ANALYSIS = YES;
				CLANG_WARN_STRICT_PROTOTYPES = YES;
				CLANG_WARN_SUSPICIOUS_MOVE = YES;
				CLANG_WARN_UNGUARDED_AVAILABILITY = YES_AGGRESSIVE;
				CLANG_WARN_UNREACHABLE_CODE = YES;
				CLANG_WARN__DUPLICATE_METHOD_MATCH = YES;
				CODE_SIGN_IDENTITY = "iPhone Developer";
				COPY_PHASE_STRIP = NO;
				DEBUG_INFORMATION_FORMAT = "dwarf-with-dsym";
				ENABLE_NS_ASSERTIONS = NO;
				ENABLE_STRICT_OBJC_MSGSEND = YES;
				GCC_C_LANGUAGE_STANDARD = gnu11;
				GCC_NO_COMMON_BLOCKS = YES;
				GCC_WARN_64_TO_32_BIT_CONVERSION = YES;
				GCC_WARN_ABOUT_RETURN_TYPE = YES_ERROR;
				GCC_WARN_UNDECLARED_SELECTOR = YES;
				GCC_WARN_UNINITIALIZED_AUTOS = YES_AGGRESSIVE;
				GCC_WARN_UNUSED_FUNCTION = YES;
				GCC_WARN_UNUSED_VARIABLE = YES;
				IPHONEOS_DEPLOYMENT_TARGET = 11.3;
				MTL_ENABLE_DEBUG_INFO = NO;
				SDKROOT = iphoneos;
				SWIFT_COMPILATION_MODE = wholemodule;
				SWIFT_OPTIMIZATION_LEVEL = "-O";
				VALIDATE_PRODUCT = YES;
			};
			name = Release;
		};
		F882AE172099314C007D0562 /* Debug */ = {
			isa = XCBuildConfiguration;
			baseConfigurationReference = 968DC78A7DED73A4EC86FE41 /* Pods-pushmynotifs.debug.xcconfig */;
			buildSettings = {
				ASSETCATALOG_COMPILER_APPICON_NAME = AppIcon;
				CODE_SIGN_ENTITLEMENTS = pushmynotifs/pushmynotifs.entitlements;
				CODE_SIGN_STYLE = Automatic;
				DEVELOPMENT_TEAM = 67H43KT2PM;
				INFOPLIST_FILE = pushmynotifs/Info.plist;
				LD_RUNPATH_SEARCH_PATHS = "$(inherited) @executable_path/Frameworks";
				PRODUCT_BUNDLE_IDENTIFIER = com.andrewmiller167.pushmynotifs;
				PRODUCT_NAME = "$(TARGET_NAME)";
				SWIFT_VERSION = 4.0;
				TARGETED_DEVICE_FAMILY = "1,2";
			};
			name = Debug;
		};
		F882AE182099314C007D0562 /* Release */ = {
			isa = XCBuildConfiguration;
			baseConfigurationReference = BD7BBCF8C9EED2B7F04C2B20 /* Pods-pushmynotifs.release.xcconfig */;
			buildSettings = {
				ASSETCATALOG_COMPILER_APPICON_NAME = AppIcon;
				CODE_SIGN_ENTITLEMENTS = pushmynotifs/pushmynotifs.entitlements;
				CODE_SIGN_STYLE = Automatic;
				DEVELOPMENT_TEAM = 67H43KT2PM;
				INFOPLIST_FILE = pushmynotifs/Info.plist;
				LD_RUNPATH_SEARCH_PATHS = "$(inherited) @executable_path/Frameworks";
				PRODUCT_BUNDLE_IDENTIFIER = com.andrewmiller167.pushmynotifs;
				PRODUCT_NAME = "$(TARGET_NAME)";
				SWIFT_VERSION = 4.0;
				TARGETED_DEVICE_FAMILY = "1,2";
			};
			name = Release;
		};
		F882AE1A2099314C007D0562 /* Debug */ = {
			isa = XCBuildConfiguration;
			baseConfigurationReference = 2E28553A0E88073DAC5FF8AD /* Pods-pushmynotifsTests.debug.xcconfig */;
			buildSettings = {
				ALWAYS_EMBED_SWIFT_STANDARD_LIBRARIES = YES;
				BUNDLE_LOADER = "$(TEST_HOST)";
				CODE_SIGN_STYLE = Automatic;
				DEVELOPMENT_TEAM = 67H43KT2PM;
				INFOPLIST_FILE = pushmynotifsTests/Info.plist;
				LD_RUNPATH_SEARCH_PATHS = "$(inherited) @executable_path/Frameworks @loader_path/Frameworks";
				PRODUCT_BUNDLE_IDENTIFIER = com.andrewmiller167.pushmynotifsTests;
				PRODUCT_NAME = "$(TARGET_NAME)";
				SWIFT_VERSION = 4.0;
				TARGETED_DEVICE_FAMILY = "1,2";
				TEST_HOST = "$(BUILT_PRODUCTS_DIR)/pushmynotifs.app/pushmynotifs";
			};
			name = Debug;
		};
		F882AE1B2099314C007D0562 /* Release */ = {
			isa = XCBuildConfiguration;
			baseConfigurationReference = 884BC254D24B4B9F02AE6887 /* Pods-pushmynotifsTests.release.xcconfig */;
			buildSettings = {
				ALWAYS_EMBED_SWIFT_STANDARD_LIBRARIES = YES;
				BUNDLE_LOADER = "$(TEST_HOST)";
				CODE_SIGN_STYLE = Automatic;
				DEVELOPMENT_TEAM = 67H43KT2PM;
				INFOPLIST_FILE = pushmynotifsTests/Info.plist;
				LD_RUNPATH_SEARCH_PATHS = "$(inherited) @executable_path/Frameworks @loader_path/Frameworks";
				PRODUCT_BUNDLE_IDENTIFIER = com.andrewmiller167.pushmynotifsTests;
				PRODUCT_NAME = "$(TARGET_NAME)";
				SWIFT_VERSION = 4.0;
				TARGETED_DEVICE_FAMILY = "1,2";
				TEST_HOST = "$(BUILT_PRODUCTS_DIR)/pushmynotifs.app/pushmynotifs";
			};
			name = Release;
		};
		F882AE1D2099314C007D0562 /* Debug */ = {
			isa = XCBuildConfiguration;
			baseConfigurationReference = CC3FF66C1E962AA7B4DD2B4E /* Pods-pushmynotifsUITests.debug.xcconfig */;
			buildSettings = {
				ALWAYS_EMBED_SWIFT_STANDARD_LIBRARIES = YES;
				CODE_SIGN_STYLE = Automatic;
				DEVELOPMENT_TEAM = 67H43KT2PM;
				INFOPLIST_FILE = pushmynotifsUITests/Info.plist;
				LD_RUNPATH_SEARCH_PATHS = "$(inherited) @executable_path/Frameworks @loader_path/Frameworks";
				PRODUCT_BUNDLE_IDENTIFIER = com.andrewmiller167.pushmynotifsUITests;
				PRODUCT_NAME = "$(TARGET_NAME)";
				SWIFT_VERSION = 4.0;
				TARGETED_DEVICE_FAMILY = "1,2";
				TEST_TARGET_NAME = pushmynotifs;
			};
			name = Debug;
		};
		F882AE1E2099314C007D0562 /* Release */ = {
			isa = XCBuildConfiguration;
			baseConfigurationReference = 31C8B084951E0096C9A35BC0 /* Pods-pushmynotifsUITests.release.xcconfig */;
			buildSettings = {
				ALWAYS_EMBED_SWIFT_STANDARD_LIBRARIES = YES;
				CODE_SIGN_STYLE = Automatic;
				DEVELOPMENT_TEAM = 67H43KT2PM;
				INFOPLIST_FILE = pushmynotifsUITests/Info.plist;
				LD_RUNPATH_SEARCH_PATHS = "$(inherited) @executable_path/Frameworks @loader_path/Frameworks";
				PRODUCT_BUNDLE_IDENTIFIER = com.andrewmiller167.pushmynotifsUITests;
				PRODUCT_NAME = "$(TARGET_NAME)";
				SWIFT_VERSION = 4.0;
				TARGETED_DEVICE_FAMILY = "1,2";
				TEST_TARGET_NAME = pushmynotifs;
			};
			name = Release;
		};
/* End XCBuildConfiguration section */

/* Begin XCConfigurationList section */
		F882ADE920993145007D0562 /* Build configuration list for PBXProject "pushmynotifs" */ = {
			isa = XCConfigurationList;
			buildConfigurations = (
				F882AE142099314C007D0562 /* Debug */,
				F882AE152099314C007D0562 /* Release */,
			);
			defaultConfigurationIsVisible = 0;
			defaultConfigurationName = Release;
		};
		F882AE162099314C007D0562 /* Build configuration list for PBXNativeTarget "pushmynotifs" */ = {
			isa = XCConfigurationList;
			buildConfigurations = (
				F882AE172099314C007D0562 /* Debug */,
				F882AE182099314C007D0562 /* Release */,
			);
			defaultConfigurationIsVisible = 0;
			defaultConfigurationName = Release;
		};
		F882AE192099314C007D0562 /* Build configuration list for PBXNativeTarget "pushmynotifsTests" */ = {
			isa = XCConfigurationList;
			buildConfigurations = (
				F882AE1A2099314C007D0562 /* Debug */,
				F882AE1B2099314C007D0562 /* Release */,
			);
			defaultConfigurationIsVisible = 0;
			defaultConfigurationName = Release;
		};
		F882AE1C2099314C007D0562 /* Build configuration list for PBXNativeTarget "pushmynotifsUITests" */ = {
			isa = XCConfigurationList;
			buildConfigurations = (
				F882AE1D2099314C007D0562 /* Debug */,
				F882AE1E2099314C007D0562 /* Release */,
			);
			defaultConfigurationIsVisible = 0;
			defaultConfigurationName = Release;
		};
/* End XCConfigurationList section */
	};
	rootObject = F882ADE620993145007D0562 /* Project object */;
}
